github.com/dave/jennifer v1.7.1 h1:B4jJJDHelWcDhlRQxWeo0Npa/pYKBLrirAQoTN45txo=
github.com/dave/jennifer v1.7.1/go.mod h1:nXbxhEmQfOZhWml3D1cDK5M1FLnMSozpbFN/m3RmGZc=
github.com/pekim/clang-v15 v0.0.0-20240830114552-c0d27ccce9ec h1:AffNc+B5pN6crx+Lli5aH7KnjCngoFzJ1NHdkcx+OD0=
github.com/pekim/clang-v15 v0.0.0-20240830114552-c0d27ccce9ec/go.mod h1:Y8J5Du0xnYY8HlSyjQWaNmkg1CqCbgheEhRhQvbb224=
